dependencies:
- name: zot
  repository: http://zotregistry.dev/helm-charts
  version: 0.1.97
- name: oasf
  repository: oci://ghcr.io/agntcy/oasf/helm-charts
  version: v0.5.1
- name: envoy-authz
  repository: file://../../envoy-authz
  version: 0.2.0
- name: postgresql
  repository: https://charts.bitnami.com/bitnami
  version: 18.5.1
digest: sha256:525050d970537b47f36466d3d747c6a54c819a95bfc181efcf642d3a2d927b46
generated: "2026-03-11T17:48:49.52565+01:00"
