dependencies:
- name: zot
  repository: http://zotregistry.dev/helm-charts
  version: 0.1.121
- name: oasf
  repository: oci://ghcr.io/agntcy/oasf/helm-charts
  version: v0.5.1
- name: postgresql
  repository: https://charts.bitnami.com/bitnami
  version: 18.7.9
digest: sha256:05d3911bb512d8150ce09b438984e494ab5533dce31cd9a289ce9fad26d60a16
generated: "2026-07-13T18:40:54.907984246Z"
