dependencies:
- name: zot
  repository: http://zotregistry.dev/helm-charts
  version: 0.1.117
- name: oasf
  repository: oci://ghcr.io/agntcy/oasf/helm-charts
  version: v0.5.1
- name: postgresql
  repository: https://charts.bitnami.com/bitnami
  version: 18.6.10
digest: sha256:87e645d66e2fbfae25fa5aee2442295c7533e1313031e932b39b31e8fece4631
generated: "2026-06-15T01:05:11.946471473Z"
