{
  "name": "dir-example",
  "version": "0.0.0",
  "lockfileVersion": 3,
  "requires": true,
  "packages": {
    "": {
      "name": "dir-example",
      "version": "0.0.0",
      "dependencies": {
        "agntcy-dir-sdk": "file:.."
      }
    },
    "..": {
      "version": "0.1.4",
      "license": "Apache-2.0",
      "dependencies": {
        "@buf/agntcy_dir.grpc_node": "^1.13.0-20250902143656-38a679e0e504.2",
        "@buf/agntcy_dir.grpc_web": "^2.0.0-20250902143656-38a679e0e504.1",
        "@grpc/grpc-js": "^1.13.4"
      },
      "devDependencies": {
        "jest": "^30.0.5"
      }
    },
    "node_modules/agntcy-dir-sdk": {
      "resolved": "..",
      "link": true
    }
  }
}
